// !$*UTF8*$!
{
	archiveVersion = 1;
	classes = {
	};
	objectVersion = 50;
	objects = {

/* Begin PBXBuildFile section */
		CB5035686F0FCD0961DCE386 /* Pods_KRTimingCurveTests.framework in Frameworks */ = {isa = PBXBuildFile; fileRef = 10C1B48719C810171DCC9B71 /* Pods_KRTimingCurveTests.framework */; };
		D196E691247B7FF2005ED05E /* KRTimingCurve.h in Headers */ = {isa = PBXBuildFile; fileRef = D196E68F247B7FF2005ED05E /* KRTimingCurve.h */; settings = {ATTRIBUTES = (Public, ); }; };
		D196E69A247B823D005ED05E /* TimingFunctionType.swift in Sources */ = {isa = PBXBuildFile; fileRef = D196E699247B823D005ED05E /* TimingFunctionType.swift */; };
		D196E69C247B8307005ED05E /* FractionTimingFunctionType.swift in Sources */ = {isa = PBXBuildFile; fileRef = D196E69B247B8307005ED05E /* FractionTimingFunctionType.swift */; };
		D196E69F247B831A005ED05E /* LinearTimingFunction.swift in Sources */ = {isa = PBXBuildFile; fileRef = D196E69E247B831A005ED05E /* LinearTimingFunction.swift */; };
		D196E6A1247B86AA005ED05E /* SineTimingFunction.swift in Sources */ = {isa = PBXBuildFile; fileRef = D196E6A0247B86AA005ED05E /* SineTimingFunction.swift */; };
		D196E6A4247B875C005ED05E /* TimingCurve+Fraction.swift in Sources */ = {isa = PBXBuildFile; fileRef = D196E6A3247B875C005ED05E /* TimingCurve+Fraction.swift */; };
		D196E6A6247B87FC005ED05E /* QuadraticTimingFunction.swift in Sources */ = {isa = PBXBuildFile; fileRef = D196E6A5247B87FC005ED05E /* QuadraticTimingFunction.swift */; };
		D196E6A8247B8BE0005ED05E /* Double+Operator.swift in Sources */ = {isa = PBXBuildFile; fileRef = D196E6A7247B8BE0005ED05E /* Double+Operator.swift */; };
		D196E6AA247B8BF2005ED05E /* TimingCurve.swift in Sources */ = {isa = PBXBuildFile; fileRef = D196E6A9247B8BF2005ED05E /* TimingCurve.swift */; };
		D196E6AC247B8D39005ED05E /* CubicTimingFunction.swift in Sources */ = {isa = PBXBuildFile; fileRef = D196E6AB247B8D39005ED05E /* CubicTimingFunction.swift */; };
		D196E6AE247B8DAA005ED05E /* QuarticTimingFunction.swift in Sources */ = {isa = PBXBuildFile; fileRef = D196E6AD247B8DAA005ED05E /* QuarticTimingFunction.swift */; };
		D196E6B0247B8E10005ED05E /* QuinticTimingFunction.swift in Sources */ = {isa = PBXBuildFile; fileRef = D196E6AF247B8E10005ED05E /* QuinticTimingFunction.swift */; };
		D196E6B2247B8E8F005ED05E /* ExponentialTimingFunction.swift in Sources */ = {isa = PBXBuildFile; fileRef = D196E6B1247B8E8F005ED05E /* ExponentialTimingFunction.swift */; };
		D196E6B4247B8FB1005ED05E /* CircularTimingFunction.swift in Sources */ = {isa = PBXBuildFile; fileRef = D196E6B3247B8FB1005ED05E /* CircularTimingFunction.swift */; };
		D196E6B6247B907D005ED05E /* BackTimingFunction.swift in Sources */ = {isa = PBXBuildFile; fileRef = D196E6B5247B907D005ED05E /* BackTimingFunction.swift */; };
		D196E6B8247B91EE005ED05E /* ElasticTimingFunction.swift in Sources */ = {isa = PBXBuildFile; fileRef = D196E6B7247B91EE005ED05E /* ElasticTimingFunction.swift */; };
		D196E6BA247B9290005ED05E /* BounceTimingFunction.swift in Sources */ = {isa = PBXBuildFile; fileRef = D196E6B9247B9290005ED05E /* BounceTimingFunction.swift */; };
		D196E6C2247B938E005ED05E /* KRTimingCurveTests.swift in Sources */ = {isa = PBXBuildFile; fileRef = D196E6C1247B938E005ED05E /* KRTimingCurveTests.swift */; };
		D196E6C4247B938E005ED05E /* KRTimingCurve.framework in Frameworks */ = {isa = PBXBuildFile; fileRef = D196E68C247B7FF2005ED05E /* KRTimingCurve.framework */; };
/* End PBXBuildFile section */

/* Begin PBXContainerItemProxy section */
		D196E6C5247B938E005ED05E /* PBXContainerItemProxy */ = {
			isa = PBXContainerItemProxy;
			containerPortal = D196E683247B7FF2005ED05E /* Project object */;
			proxyType = 1;
			remoteGlobalIDString = D196E68B247B7FF2005ED05E;
			remoteInfo = KRTimingCurve;
		};
/* End PBXContainerItemProxy section */

/* Begin PBXFileReference section */
		10C1B48719C810171DCC9B71 /* Pods_KRTimingCurveTests.framework */ = {isa = PBXFileReference; explicitFileType = wrapper.framework; includeInIndex = 0; path = Pods_KRTimingCurveTests.framework; sourceTree = BUILT_PRODUCTS_DIR; };
		2F3DCEEF1C098D00E39F4EDB /* Pods-KRTimingCurveTests.release.xcconfig */ = {isa = PBXFileReference; includeInIndex = 1; lastKnownFileType = text.xcconfig; name = "Pods-KRTimingCurveTests.release.xcconfig"; path = "Target Support Files/Pods-KRTimingCurveTests/Pods-KRTimingCurveTests.release.xcconfig"; sourceTree = "<group>"; };
		313DDA9A78040C84AB001CCA /* Pods-KRTimingCurveTests.debug.xcconfig */ = {isa = PBXFileReference; includeInIndex = 1; lastKnownFileType = text.xcconfig; name = "Pods-KRTimingCurveTests.debug.xcconfig"; path = "Target Support Files/Pods-KRTimingCurveTests/Pods-KRTimingCurveTests.debug.xcconfig"; sourceTree = "<group>"; };
		D196E68C247B7FF2005ED05E /* KRTimingCurve.framework */ = {isa = PBXFileReference; explicitFileType = wrapper.framework; includeInIndex = 0; path = KRTimingCurve.framework; sourceTree = BUILT_PRODUCTS_DIR; };
		D196E68F247B7FF2005ED05E /* KRTimingCurve.h */ = {isa = PBXFileReference; lastKnownFileType = sourcecode.c.h; path = KRTimingCurve.h; sourceTree = "<group>"; };
		D196E690247B7FF2005ED05E /* Info.plist */ = {isa = PBXFileReference; lastKnownFileType = text.plist.xml; path = Info.plist; sourceTree = "<group>"; };
		D196E697247B802B005ED05E /* KRTimingCurve.podspec */ = {isa = PBXFileReference; explicitFileType = text.script.ruby; path = KRTimingCurve.podspec; sourceTree = SOURCE_ROOT; };
		D196E699247B823D005ED05E /* TimingFunctionType.swift */ = {isa = PBXFileReference; lastKnownFileType = sourcecode.swift; path = TimingFunctionType.swift; sourceTree = "<group>"; };
		D196E69B247B8307005ED05E /* FractionTimingFunctionType.swift */ = {isa = PBXFileReference; lastKnownFileType = sourcecode.swift; path = FractionTimingFunctionType.swift; sourceTree = "<group>"; };
		D196E69E247B831A005ED05E /* LinearTimingFunction.swift */ = {isa = PBXFileReference; lastKnownFileType = sourcecode.swift; path = LinearTimingFunction.swift; sourceTree = "<group>"; };
		D196E6A0247B86AA005ED05E /* SineTimingFunction.swift */ = {isa = PBXFileReference; lastKnownFileType = sourcecode.swift; path = SineTimingFunction.swift; sourceTree = "<group>"; };
		D196E6A3247B875C005ED05E /* TimingCurve+Fraction.swift */ = {isa = PBXFileReference; lastKnownFileType = sourcecode.swift; path = "TimingCurve+Fraction.swift"; sourceTree = "<group>"; };
		D196E6A5247B87FC005ED05E /* QuadraticTimingFunction.swift */ = {isa = PBXFileReference; lastKnownFileType = sourcecode.swift; path = QuadraticTimingFunction.swift; sourceTree = "<group>"; };
		D196E6A7247B8BE0005ED05E /* Double+Operator.swift */ = {isa = PBXFileReference; lastKnownFileType = sourcecode.swift; path = "Double+Operator.swift"; sourceTree = "<group>"; };
		D196E6A9247B8BF2005ED05E /* TimingCurve.swift */ = {isa = PBXFileReference; lastKnownFileType = sourcecode.swift; path = TimingCurve.swift; sourceTree = "<group>"; };
		D196E6AB247B8D39005ED05E /* CubicTimingFunction.swift */ = {isa = PBXFileReference; lastKnownFileType = sourcecode.swift; path = CubicTimingFunction.swift; sourceTree = "<group>"; };
		D196E6AD247B8DAA005ED05E /* QuarticTimingFunction.swift */ = {isa = PBXFileReference; lastKnownFileType = sourcecode.swift; path = QuarticTimingFunction.swift; sourceTree = "<group>"; };
		D196E6AF247B8E10005ED05E /* QuinticTimingFunction.swift */ = {isa = PBXFileReference; lastKnownFileType = sourcecode.swift; path = QuinticTimingFunction.swift; sourceTree = "<group>"; };
		D196E6B1247B8E8F005ED05E /* ExponentialTimingFunction.swift */ = {isa = PBXFileReference; lastKnownFileType = sourcecode.swift; path = ExponentialTimingFunction.swift; sourceTree = "<group>"; };
		D196E6B3247B8FB1005ED05E /* CircularTimingFunction.swift */ = {isa = PBXFileReference; lastKnownFileType = sourcecode.swift; path = CircularTimingFunction.swift; sourceTree = "<group>"; };
		D196E6B5247B907D005ED05E /* BackTimingFunction.swift */ = {isa = PBXFileReference; lastKnownFileType = sourcecode.swift; path = BackTimingFunction.swift; sourceTree = "<group>"; };
		D196E6B7247B91EE005ED05E /* ElasticTimingFunction.swift */ = {isa = PBXFileReference; lastKnownFileType = sourcecode.swift; path = ElasticTimingFunction.swift; sourceTree = "<group>"; };
		D196E6B9247B9290005ED05E /* BounceTimingFunction.swift */ = {isa = PBXFileReference; lastKnownFileType = sourcecode.swift; path = BounceTimingFunction.swift; sourceTree = "<group>"; };
		D196E6BF247B938E005ED05E /* KRTimingCurveTests.xctest */ = {isa = PBXFileReference; explicitFileType = wrapper.cfbundle; includeInIndex = 0; path = KRTimingCurveTests.xctest; sourceTree = BUILT_PRODUCTS_DIR; };
		D196E6C1247B938E005ED05E /* KRTimingCurveTests.swift */ = {isa = PBXFileReference; lastKnownFileType = sourcecode.swift; path = KRTimingCurveTests.swift; sourceTree = "<group>"; };
		D196E6C3247B938E005ED05E /* Info.plist */ = {isa = PBXFileReference; lastKnownFileType = text.plist.xml; path = Info.plist; sourceTree = "<group>"; };
/* End PBXFileReference section */

/* Begin PBXFrameworksBuildPhase section */
		D196E689247B7FF2005ED05E /* Frameworks */ = {
			isa = PBXFrameworksBuildPhase;
			buildActionMask = 2147483647;
			files = (
			);
			runOnlyForDeploymentPostprocessing = 0;
		};
		D196E6BC247B938E005ED05E /* Frameworks */ = {
			isa = PBXFrameworksBuildPhase;
			buildActionMask = 2147483647;
			files = (
				D196E6C4247B938E005ED05E /* KRTimingCurve.framework in Frameworks */,
				CB5035686F0FCD0961DCE386 /* Pods_KRTimingCurveTests.framework in Frameworks */,
			);
			runOnlyForDeploymentPostprocessing = 0;
		};
/* End PBXFrameworksBuildPhase section */

/* Begin PBXGroup section */
		22AECF295CC3C0B2947FA84A /* Frameworks */ = {
			isa = PBXGroup;
			children = (
				10C1B48719C810171DCC9B71 /* Pods_KRTimingCurveTests.framework */,
			);
			name = Frameworks;
			sourceTree = "<group>";
		};
		BC7D0D17784A8A1DF537A1CE /* Pods */ = {
			isa = PBXGroup;
			children = (
				313DDA9A78040C84AB001CCA /* Pods-KRTimingCurveTests.debug.xcconfig */,
				2F3DCEEF1C098D00E39F4EDB /* Pods-KRTimingCurveTests.release.xcconfig */,
			);
			name = Pods;
			path = Pods;
			sourceTree = "<group>";
		};
		D196E682247B7FF2005ED05E = {
			isa = PBXGroup;
			children = (
				D196E697247B802B005ED05E /* KRTimingCurve.podspec */,
				D196E68E247B7FF2005ED05E /* KRTimingCurve */,
				D196E6C0247B938E005ED05E /* KRTimingCurveTests */,
				D196E68D247B7FF2005ED05E /* Products */,
				BC7D0D17784A8A1DF537A1CE /* Pods */,
				22AECF295CC3C0B2947FA84A /* Frameworks */,
			);
			sourceTree = "<group>";
		};
		D196E68D247B7FF2005ED05E /* Products */ = {
			isa = PBXGroup;
			children = (
				D196E68C247B7FF2005ED05E /* KRTimingCurve.framework */,
				D196E6BF247B938E005ED05E /* KRTimingCurveTests.xctest */,
			);
			name = Products;
			sourceTree = "<group>";
		};
		D196E68E247B7FF2005ED05E /* KRTimingCurve */ = {
			isa = PBXGroup;
			children = (
				D196E6A2247B8754005ED05E /* Extension */,
				D196E698247B8234005ED05E /* Protocol */,
				D196E69D247B830E005ED05E /* Implementation */,
				D196E68F247B7FF2005ED05E /* KRTimingCurve.h */,
				D196E690247B7FF2005ED05E /* Info.plist */,
			);
			path = KRTimingCurve;
			sourceTree = "<group>";
		};
		D196E698247B8234005ED05E /* Protocol */ = {
			isa = PBXGroup;
			children = (
				D196E699247B823D005ED05E /* TimingFunctionType.swift */,
				D196E69B247B8307005ED05E /* FractionTimingFunctionType.swift */,
			);
			path = Protocol;
			sourceTree = "<group>";
		};
		D196E69D247B830E005ED05E /* Implementation */ = {
			isa = PBXGroup;
			children = (
				D196E6A9247B8BF2005ED05E /* TimingCurve.swift */,
				D196E69E247B831A005ED05E /* LinearTimingFunction.swift */,
				D196E6A0247B86AA005ED05E /* SineTimingFunction.swift */,
				D196E6A5247B87FC005ED05E /* QuadraticTimingFunction.swift */,
				D196E6AB247B8D39005ED05E /* CubicTimingFunction.swift */,
				D196E6AD247B8DAA005ED05E /* QuarticTimingFunction.swift */,
				D196E6AF247B8E10005ED05E /* QuinticTimingFunction.swift */,
				D196E6B1247B8E8F005ED05E /* ExponentialTimingFunction.swift */,
				D196E6B3247B8FB1005ED05E /* CircularTimingFunction.swift */,
				D196E6B5247B907D005ED05E /* BackTimingFunction.swift */,
				D196E6B7247B91EE005ED05E /* ElasticTimingFunction.swift */,
				D196E6B9247B9290005ED05E /* BounceTimingFunction.swift */,
			);
			path = Implementation;
			sourceTree = "<group>";
		};
		D196E6A2247B8754005ED05E /* Extension */ = {
			isa = PBXGroup;
			children = (
				D196E6A3247B875C005ED05E /* TimingCurve+Fraction.swift */,
				D196E6A7247B8BE0005ED05E /* Double+Operator.swift */,
			);
			path = Extension;
			sourceTree = "<group>";
		};
		D196E6C0247B938E005ED05E /* KRTimingCurveTests */ = {
			isa = PBXGroup;
			children = (
				D196E6C1247B938E005ED05E /* KRTimingCurveTests.swift */,
				D196E6C3247B938E005ED05E /* Info.plist */,
			);
			path = KRTimingCurveTests;
			sourceTree = "<group>";
		};
/* End PBXGroup section */

/* Begin PBXHeadersBuildPhase section */
		D196E687247B7FF2005ED05E /* Headers */ = {
			isa = PBXHeadersBuildPhase;
			buildActionMask = 2147483647;
			files = (
				D196E691247B7FF2005ED05E /* KRTimingCurve.h in Headers */,
			);
			runOnlyForDeploymentPostprocessing = 0;
		};
/* End PBXHeadersBuildPhase section */

/* Begin PBXNativeTarget section */
		D196E68B247B7FF2005ED05E /* KRTimingCurve */ = {
			isa = PBXNativeTarget;
			buildConfigurationList = D196E694247B7FF2005ED05E /* Build configuration list for PBXNativeTarget "KRTimingCurve" */;
			buildPhases = (
				D196E687247B7FF2005ED05E /* Headers */,
				D196E688247B7FF2005ED05E /* Sources */,
				D196E689247B7FF2005ED05E /* Frameworks */,
				D196E68A247B7FF2005ED05E /* Resources */,
			);
			buildRules = (
			);
			dependencies = (
			);
			name = KRTimingCurve;
			productName = KRTimingCurve;
			productReference = D196E68C247B7FF2005ED05E /* KRTimingCurve.framework */;
			productType = "com.apple.product-type.framework";
		};
		D196E6BE247B938E005ED05E /* KRTimingCurveTests */ = {
			isa = PBXNativeTarget;
			buildConfigurationList = D196E6C7247B938E005ED05E /* Build configuration list for PBXNativeTarget "KRTimingCurveTests" */;
			buildPhases = (
				241C66EF8FD926B16932F038 /* [CP] Check Pods Manifest.lock */,
				D196E6BB247B938E005ED05E /* Sources */,
				D196E6BC247B938E005ED05E /* Frameworks */,
				D196E6BD247B938E005ED05E /* Resources */,
				491B52EB8125888335FF0763 /* [CP] Embed Pods Frameworks */,
			);
			buildRules = (
			);
			dependencies = (
				D196E6C6247B938E005ED05E /* PBXTargetDependency */,
			);
			name = KRTimingCurveTests;
			productName = KRTimingCurveTests;
			productReference = D196E6BF247B938E005ED05E /* KRTimingCurveTests.xctest */;
			productType = "com.apple.product-type.bundle.unit-test";
		};
/* End PBXNativeTarget section */

/* Begin PBXProject section */
		D196E683247B7FF2005ED05E /* Project object */ = {
			isa = PBXProject;
			attributes = {
				LastSwiftUpdateCheck = 1140;
				LastUpgradeCheck = 1140;
				ORGANIZATIONNAME = Knowre;
				TargetAttributes = {
					D196E68B247B7FF2005ED05E = {
						CreatedOnToolsVersion = 11.4.1;
						LastSwiftMigration = 1140;
					};
					D196E6BE247B938E005ED05E = {
						CreatedOnToolsVersion = 11.4.1;
					};
				};
			};
			buildConfigurationList = D196E686247B7FF2005ED05E /* Build configuration list for PBXProject "KRTimingCurve" */;
			compatibilityVersion = "Xcode 9.3";
			developmentRegion = en;
			hasScannedForEncodings = 0;
			knownRegions = (
				en,
				Base,
			);
			mainGroup = D196E682247B7FF2005ED05E;
			productRefGroup = D196E68D247B7FF2005ED05E /* Products */;
			projectDirPath = "";
			projectRoot = "";
			targets = (
				D196E68B247B7FF2005ED05E /* KRTimingCurve */,
				D196E6BE247B938E005ED05E /* KRTimingCurveTests */,
			);
		};
/* End PBXProject section */

/* Begin PBXResourcesBuildPhase section */
		D196E68A247B7FF2005ED05E /* Resources */ = {
			isa = PBXResourcesBuildPhase;
			buildActionMask = 2147483647;
			files = (
			);
			runOnlyForDeploymentPostprocessing = 0;
		};
		D196E6BD247B938E005ED05E /* Resources */ = {
			isa = PBXResourcesBuildPhase;
			buildActionMask = 2147483647;
			files = (
			);
			runOnlyForDeploymentPostprocessing = 0;
		};
/* End PBXResourcesBuildPhase section */

/* Begin PBXShellScriptBuildPhase section */
		241C66EF8FD926B16932F038 /* [CP] Check Pods Manifest.lock */ = {
			isa = PBXShellScriptBuildPhase;
			buildActionMask = 2147483647;
			files = (
			);
			inputFileListPaths = (
			);
			inputPaths = (
				"${PODS_PODFILE_DIR_PATH}/Podfile.lock",
				"${PODS_ROOT}/Manifest.lock",
			);
			name = "[CP] Check Pods Manifest.lock";
			outputFileListPaths = (
			);
			outputPaths = (
				"$(DERIVED_FILE_DIR)/Pods-KRTimingCurveTests-checkManifestLockResult.txt",
			);
			runOnlyForDeploymentPostprocessing = 0;
			shellPath = /bin/sh;
			shellScript = "diff \"${PODS_PODFILE_DIR_PATH}/Podfile.lock\" \"${PODS_ROOT}/Manifest.lock\" > /dev/null\nif [ $? != 0 ] ; then\n    # print error to STDERR\n    echo \"error: The sandbox is not in sync with the Podfile.lock. Run 'pod install' or update your CocoaPods installation.\" >&2\n    exit 1\nfi\n# This output is used by Xcode 'outputs' to avoid re-running this script phase.\necho \"SUCCESS\" > \"${SCRIPT_OUTPUT_FILE_0}\"\n";
			showEnvVarsInLog = 0;
		};
		491B52EB8125888335FF0763 /* [CP] Embed Pods Frameworks */ = {
			isa = PBXShellScriptBuildPhase;
			buildActionMask = 2147483647;
			files = (
			);
			inputFileListPaths = (
				"${PODS_ROOT}/Target Support Files/Pods-KRTimingCurveTests/Pods-KRTimingCurveTests-frameworks-${CONFIGURATION}-input-files.xcfilelist",
			);
			name = "[CP] Embed Pods Frameworks";
			outputFileListPaths = (
				"${PODS_ROOT}/Target Support Files/Pods-KRTimingCurveTests/Pods-KRTimingCurveTests-frameworks-${CONFIGURATION}-output-files.xcfilelist",
			);
			runOnlyForDeploymentPostprocessing = 0;
			shellPath = /bin/sh;
			shellScript = "\"${PODS_ROOT}/Target Support Files/Pods-KRTimingCurveTests/Pods-KRTimingCurveTests-frameworks.sh\"\n";
			showEnvVarsInLog = 0;
		};
/* End PBXShellScriptBuildPhase section */

/* Begin PBXSourcesBuildPhase section */
		D196E688247B7FF2005ED05E /* Sources */ = {
			isa = PBXSourcesBuildPhase;
			buildActionMask = 2147483647;
			files = (
				D196E6A1247B86AA005ED05E /* SineTimingFunction.swift in Sources */,
				D196E6B4247B8FB1005ED05E /* CircularTimingFunction.swift in Sources */,
				D196E6AE247B8DAA005ED05E /* QuarticTimingFunction.swift in Sources */,
				D196E6AA247B8BF2005ED05E /* TimingCurve.swift in Sources */,
				D196E6A4247B875C005ED05E /* TimingCurve+Fraction.swift in Sources */,
				D196E69A247B823D005ED05E /* TimingFunctionType.swift in Sources */,
				D196E6B6247B907D005ED05E /* BackTimingFunction.swift in Sources */,
				D196E69F247B831A005ED05E /* LinearTimingFunction.swift in Sources */,
				D196E6A6247B87FC005ED05E /* QuadraticTimingFunction.swift in Sources */,
				D196E6B8247B91EE005ED05E /* ElasticTimingFunction.swift in Sources */,
				D196E6A8247B8BE0005ED05E /* Double+Operator.swift in Sources */,
				D196E6B0247B8E10005ED05E /* QuinticTimingFunction.swift in Sources */,
				D196E6AC247B8D39005ED05E /* CubicTimingFunction.swift in Sources */,
				D196E69C247B8307005ED05E /* FractionTimingFunctionType.swift in Sources */,
				D196E6B2247B8E8F005ED05E /* ExponentialTimingFunction.swift in Sources */,
				D196E6BA247B9290005ED05E /* BounceTimingFunction.swift in Sources */,
			);
			runOnlyForDeploymentPostprocessing = 0;
		};
		D196E6BB247B938E005ED05E /* Sources */ = {
			isa = PBXSourcesBuildPhase;
			buildActionMask = 2147483647;
			files = (
				D196E6C2247B938E005ED05E /* KRTimingCurveTests.swift in Sources */,
			);
			runOnlyForDeploymentPostprocessing = 0;
		};
/* End PBXSourcesBuildPhase section */

/* Begin PBXTargetDependency section */
		D196E6C6247B938E005ED05E /* PBXTargetDependency */ = {
			isa = PBXTargetDependency;
			target = D196E68B247B7FF2005ED05E /* KRTimingCurve */;
			targetProxy = D196E6C5247B938E005ED05E /* PBXContainerItemProxy */;
		};
/* End PBXTargetDependency section */

/* Begin XCBuildConfiguration section */
		D196E692247B7FF2005ED05E /* Debug */ = {
			isa = XCBuildConfiguration;
			buildSettings = {
				ALWAYS_SEARCH_USER_PATHS = NO;
				CLANG_ANALYZER_NONNULL = YES;
				CLANG_ANALYZER_NUMBER_OBJECT_CONVERSION = YES_AGGRESSIVE;
				CLANG_CXX_LANGUAGE_STANDARD = "gnu++14";
				CLANG_CXX_LIBRARY = "libc++";
				CLANG_ENABLE_MODULES = YES;
				CLANG_ENABLE_OBJC_ARC = YES;
				CLANG_ENABLE_OBJC_WEAK = YES;
				CLANG_WARN_BLOCK_CAPTURE_AUTORELEASING = YES;
				CLANG_WARN_BOOL_CONVERSION = YES;
				CLANG_WARN_COMMA = YES;
				CLANG_WARN_CONSTANT_CONVERSION = YES;
				CLANG_WARN_DEPRECATED_OBJC_IMPLEMENTATIONS = YES;
				CLANG_WARN_DIRECT_OBJC_ISA_USAGE = YES_ERROR;
				CLANG_WARN_DOCUMENTATION_COMMENTS = YES;
				CLANG_WARN_EMPTY_BODY = YES;
				CLANG_WARN_ENUM_CONVERSION = YES;
				CLANG_WARN_INFINITE_RECURSION = YES;
				CLANG_WARN_INT_CONVERSION = YES;
				CLANG_WARN_NON_LITERAL_NULL_CONVERSION = YES;
				CLANG_WARN_OBJC_IMPLICIT_RETAIN_SELF = YES;
				CLANG_WARN_OBJC_LITERAL_CONVERSION = YES;
				CLANG_WARN_OBJC_ROOT_CLASS = YES_ERROR;
				CLANG_WARN_RANGE_LOOP_ANALYSIS = YES;
				CLANG_WARN_STRICT_PROTOTYPES = YES;
				CLANG_WARN_SUSPICIOUS_MOVE = YES;
				CLANG_WARN_UNGUARDED_AVAILABILITY = YES_AGGRESSIVE;
				CLANG_WARN_UNREACHABLE_CODE = YES;
				CLANG_WARN__DUPLICATE_METHOD_MATCH = YES;
				COPY_PHASE_STRIP = NO;
				CURRENT_PROJECT_VERSION = 1;
				DEBUG_INFORMATION_FORMAT = dwarf;
				ENABLE_STRICT_OBJC_MSGSEND = YES;
				ENABLE_TESTABILITY = YES;
				GCC_C_LANGUAGE_STANDARD = gnu11;
				GCC_DYNAMIC_NO_PIC = NO;
				GCC_NO_COMMON_BLOCKS = YES;
				GCC_OPTIMIZATION_LEVEL = 0;
				GCC_PREPROCESSOR_DEFINITIONS = (
					"DEBUG=1",
					"$(inherited)",
				);
				GCC_WARN_64_TO_32_BIT_CONVERSION = YES;
				GCC_WARN_ABOUT_RETURN_TYPE = YES_ERROR;
				GCC_WARN_UNDECLARED_SELECTOR = YES;
				GCC_WARN_UNINITIALIZED_AUTOS = YES_AGGRESSIVE;
				GCC_WARN_UNUSED_FUNCTION = YES;
				GCC_WARN_UNUSED_VARIABLE = YES;
				IPHONEOS_DEPLOYMENT_TARGET = 8.0;
				MTL_ENABLE_DEBUG_INFO = INCLUDE_SOURCE;
				MTL_FAST_MATH = YES;
				ONLY_ACTIVE_ARCH = YES;
				SDKROOT = iphoneos;
				SWIFT_ACTIVE_COMPILATION_CONDITIONS = DEBUG;
				SWIFT_OPTIMIZATION_LEVEL = "-Onone";
				VERSIONING_SYSTEM = "apple-generic";
				VERSION_INFO_PREFIX = "";
			};
			name = Debug;
		};
		D196E693247B7FF2005ED05E /* Release */ = {
			isa = XCBuildConfiguration;
			buildSettings = {
				ALWAYS_SEARCH_USER_PATHS = NO;
				CLANG_ANALYZER_NONNULL = YES;
				CLANG_ANALYZER_NUMBER_OBJECT_CONVERSION = YES_AGGRESSIVE;
				CLANG_CXX_LANGUAGE_STANDARD = "gnu++14";
				CLANG_CXX_LIBRARY = "libc++";
				CLANG_ENABLE_MODULES = YES;
				CLANG_ENABLE_OBJC_ARC = YES;
				CLANG_ENABLE_OBJC_WEAK = YES;
				CLANG_WARN_BLOCK_CAPTURE_AUTORELEASING = YES;
				CLANG_WARN_BOOL_CONVERSION = YES;
				CLANG_WARN_COMMA = YES;
				CLANG_WARN_CONSTANT_CONVERSION = YES;
				CLANG_WARN_DEPRECATED_OBJC_IMPLEMENTATIONS = YES;
				CLANG_WARN_DIRECT_OBJC_ISA_USAGE = YES_ERROR;
				CLANG_WARN_DOCUMENTATION_COMMENTS = YES;
				CLANG_WARN_EMPTY_BODY = YES;
				CLANG_WARN_ENUM_CONVERSION = YES;
				CLANG_WARN_INFINITE_RECURSION = YES;
				CLANG_WARN_INT_CONVERSION = YES;
				CLANG_WARN_NON_LITERAL_NULL_CONVERSION = YES;
				CLANG_WARN_OBJC_IMPLICIT_RETAIN_SELF = YES;
				CLANG_WARN_OBJC_LITERAL_CONVERSION = YES;
				CLANG_WARN_OBJC_ROOT_CLASS = YES_ERROR;
				CLANG_WARN_RANGE_LOOP_ANALYSIS = YES;
				CLANG_WARN_STRICT_PROTOTYPES = YES;
				CLANG_WARN_SUSPICIOUS_MOVE = YES;
				CLANG_WARN_UNGUARDED_AVAILABILITY = YES_AGGRESSIVE;
				CLANG_WARN_UNREACHABLE_CODE = YES;
				CLANG_WARN__DUPLICATE_METHOD_MATCH = YES;
				COPY_PHASE_STRIP = NO;
				CURRENT_PROJECT_VERSION = 1;
				DEBUG_INFORMATION_FORMAT = "dwarf-with-dsym";
				ENABLE_NS_ASSERTIONS = NO;
				ENABLE_STRICT_OBJC_MSGSEND = YES;
				GCC_C_LANGUAGE_STANDARD = gnu11;
				GCC_NO_COMMON_BLOCKS = YES;
				GCC_WARN_64_TO_32_BIT_CONVERSION = YES;
				GCC_WARN_ABOUT_RETURN_TYPE = YES_ERROR;
				GCC_WARN_UNDECLARED_SELECTOR = YES;
				GCC_WARN_UNINITIALIZED_AUTOS = YES_AGGRESSIVE;
				GCC_WARN_UNUSED_FUNCTION = YES;
				GCC_WARN_UNUSED_VARIABLE = YES;
				IPHONEOS_DEPLOYMENT_TARGET = 8.0;
				MTL_ENABLE_DEBUG_INFO = NO;
				MTL_FAST_MATH = YES;
				SDKROOT = iphoneos;
				SWIFT_COMPILATION_MODE = wholemodule;
				SWIFT_OPTIMIZATION_LEVEL = "-O";
				VALIDATE_PRODUCT = YES;
				VERSIONING_SYSTEM = "apple-generic";
				VERSION_INFO_PREFIX = "";
			};
			name = Release;
		};
		D196E695247B7FF2005ED05E /* Debug */ = {
			isa = XCBuildConfiguration;
			buildSettings = {
				CLANG_ENABLE_MODULES = YES;
				CODE_SIGN_STYLE = Automatic;
				DEFINES_MODULE = YES;
				DEVELOPMENT_TEAM = 8HCBQJDHQ6;
				DYLIB_COMPATIBILITY_VERSION = 1;
				DYLIB_CURRENT_VERSION = 1;
				DYLIB_INSTALL_NAME_BASE = "@rpath";
				INFOPLIST_FILE = KRTimingCurve/Info.plist;
				INSTALL_PATH = "$(LOCAL_LIBRARY_DIR)/Frameworks";
				LD_RUNPATH_SEARCH_PATHS = (
					"$(inherited)",
					"@executable_path/Frameworks",
					"@loader_path/Frameworks",
				);
				MARKETING_VERSION = 1.0.0;
				PRODUCT_BUNDLE_IDENTIFIER = com.knowre.KRTimingCurve;
				PRODUCT_NAME = "$(TARGET_NAME:c99extidentifier)";
				SKIP_INSTALL = YES;
				SWIFT_OPTIMIZATION_LEVEL = "-Onone";
				SWIFT_VERSION = 5.0;
				TARGETED_DEVICE_FAMILY = "1,2";
			};
			name = Debug;
		};
		D196E696247B7FF2005ED05E /* Release */ = {
			isa = XCBuildConfiguration;
			buildSettings = {
				CLANG_ENABLE_MODULES = YES;
				CODE_SIGN_STYLE = Automatic;
				DEFINES_MODULE = YES;
				DEVELOPMENT_TEAM = 8HCBQJDHQ6;
				DYLIB_COMPATIBILITY_VERSION = 1;
				DYLIB_CURRENT_VERSION = 1;
				DYLIB_INSTALL_NAME_BASE = "@rpath";
				INFOPLIST_FILE = KRTimingCurve/Info.plist;
				INSTALL_PATH = "$(LOCAL_LIBRARY_DIR)/Frameworks";
				LD_RUNPATH_SEARCH_PATHS = (
					"$(inherited)",
					"@executable_path/Frameworks",
					"@loader_path/Frameworks",
				);
				MARKETING_VERSION = 1.0.0;
				PRODUCT_BUNDLE_IDENTIFIER = com.knowre.KRTimingCurve;
				PRODUCT_NAME = "$(TARGET_NAME:c99extidentifier)";
				SKIP_INSTALL = YES;
				SWIFT_VERSION = 5.0;
				TARGETED_DEVICE_FAMILY = "1,2";
			};
			name = Release;
		};
		D196E6C8247B938E005ED05E /* Debug */ = {
			isa = XCBuildConfiguration;
			baseConfigurationReference = 313DDA9A78040C84AB001CCA /* Pods-KRTimingCurveTests.debug.xcconfig */;
			buildSettings = {
				CODE_SIGN_STYLE = Automatic;
				DEVELOPMENT_TEAM = 8HCBQJDHQ6;
				INFOPLIST_FILE = KRTimingCurveTests/Info.plist;
				IPHONEOS_DEPLOYMENT_TARGET = 13.4;
				LD_RUNPATH_SEARCH_PATHS = (
					"$(inherited)",
					"@executable_path/Frameworks",
					"@loader_path/Frameworks",
				);
				PRODUCT_BUNDLE_IDENTIFIER = com.knowre.KRTimingCurveTests;
				PRODUCT_NAME = "$(TARGET_NAME)";
				SWIFT_VERSION = 5.0;
				TARGETED_DEVICE_FAMILY = "1,2";
			};
			name = Debug;
		};
		D196E6C9247B938E005ED05E /* Release */ = {
			isa = XCBuildConfiguration;
			baseConfigurationReference = 2F3DCEEF1C098D00E39F4EDB /* Pods-KRTimingCurveTests.release.xcconfig */;
			buildSettings = {
				CODE_SIGN_STYLE = Automatic;
				DEVELOPMENT_TEAM = 8HCBQJDHQ6;
				INFOPLIST_FILE = KRTimingCurveTests/Info.plist;
				IPHONEOS_DEPLOYMENT_TARGET = 13.4;
				LD_RUNPATH_SEARCH_PATHS = (
					"$(inherited)",
					"@executable_path/Frameworks",
					"@loader_path/Frameworks",
				);
				PRODUCT_BUNDLE_IDENTIFIER = com.knowre.KRTimingCurveTests;
				PRODUCT_NAME = "$(TARGET_NAME)";
				SWIFT_VERSION = 5.0;
				TARGETED_DEVICE_FAMILY = "1,2";
			};
			name = Release;
		};
/* End XCBuildConfiguration section */

/* Begin XCConfigurationList section */
		D196E686247B7FF2005ED05E /* Build configuration list for PBXProject "KRTimingCurve" */ = {
			isa = XCConfigurationList;
			buildConfigurations = (
				D196E692247B7FF2005ED05E /* Debug */,
				D196E693247B7FF2005ED05E /* Release */,
			);
			defaultConfigurationIsVisible = 0;
			defaultConfigurationName = Release;
		};
		D196E694247B7FF2005ED05E /* Build configuration list for PBXNativeTarget "KRTimingCurve" */ = {
			isa = XCConfigurationList;
			buildConfigurations = (
				D196E695247B7FF2005ED05E /* Debug */,
				D196E696247B7FF2005ED05E /* Release */,
			);
			defaultConfigurationIsVisible = 0;
			defaultConfigurationName = Release;
		};
		D196E6C7247B938E005ED05E /* Build configuration list for PBXNativeTarget "KRTimingCurveTests" */ = {
			isa = XCConfigurationList;
			buildConfigurations = (
				D196E6C8247B938E005ED05E /* Debug */,
				D196E6C9247B938E005ED05E /* Release */,
			);
			defaultConfigurationIsVisible = 0;
			defaultConfigurationName = Release;
		};
/* End XCConfigurationList section */
	};
	rootObject = D196E683247B7FF2005ED05E /* Project object */;
}
